
Microsoft Visual Studio Solution File, Format Version 12.00
# Visual Studio Version 17
VisualStudioVersion = 17.8.34330.188
MinimumVisualStudioVersion = 10.0.40219.1
Project("{8BC9CEB8-8B4A-11D0-8D11-00A0C91BC942}") = "finalProjectTokenizing", "finalProjectTokenizing.vcxproj", "{F2C3A248-E38F-454B-BC4E-64047D60F6EB}"
EndProject
Global
	GlobalSection(SolutionConfigurationPlatforms) = preSolution
		Debug|x64 = Debug|x64
		Debug|x86 = Debug|x86
		Release|x64 = Release|x64
		Release|x86 = Release|x86
	EndGlobalSection
	GlobalSection(ProjectConfigurationPlatforms) = postSolution
		{F2C3A248-E38F-454B-BC4E-64047D60F6EB}.Debug|x64.ActiveCfg = Debug|x64
		{F2C3A248-E38F-454B-BC4E-64047D60F6EB}.Debug|x64.Build.0 = Debug|x64
		{F2C3A248-E38F-454B-BC4E-64047D60F6EB}.Debug|x86.ActiveCfg = Debug|Win32
		{F2C3A248-E38F-454B-BC4E-64047D60F6EB}.Debug|x86.Build.0 = Debug|Win32
		{F2C3A248-E38F-454B-BC4E-64047D60F6EB}.Release|x64.ActiveCfg = Release|x64
		{F2C3A248-E38F-454B-BC4E-64047D60F6EB}.Release|x64.Build.0 = Release|x64
		{F2C3A248-E38F-454B-BC4E-64047D60F6EB}.Release|x86.ActiveCfg = Release|Win32
		{F2C3A248-E38F-454B-BC4E-64047D60F6EB}.Release|x86.Build.0 = Release|Win32
	EndGlobalSection
	GlobalSection(SolutionProperties) = preSolution
		HideSolutionNode = FALSE
	EndGlobalSection
	GlobalSection(ExtensibilityGlobals) = postSolution
		SolutionGuid = {4565ED49-EC20-49AD-9CF0-E459C364F1ED}
	EndGlobalSection
EndGlobal
